
Microsoft Visual Studio Solution File, Format Version 12.00
# Visual Studio Version 17
VisualStudioVersion = 17.2.32630.192
MinimumVisualStudioVersion = 10.0.40219.1
Project("{FAE04EC0-301F-11D3-BF4B-00C04F79EFBC}") = "P0002.Construction", "P0002.Construction\P0002.Construction.csproj", "{1D4B68AF-B355-48D4-BC0D-E7E88C03A255}"
EndProject
Project("{9A19103F-16F7-4668-BE54-9A1E7A4F7556}") = "P0002", "P0002\P0002.csproj", "{C4FDF1D0-153F-4699-8F6B-2A251B04EE8E}"
EndProject
Global
	GlobalSection(SolutionConfigurationPlatforms) = preSolution
		Debug|Any CPU = Debug|Any CPU
		Release|Any CPU = Release|Any CPU
	EndGlobalSection
	GlobalSection(ProjectConfigurationPlatforms) = postSolution
		{C4FDF1D0-153F-4699-8F6B-2A251B04EE8E}.Debug|Any CPU.ActiveCfg = Debug|Any CPU
		{C4FDF1D0-153F-4699-8F6B-2A251B04EE8E}.Debug|Any CPU.Build.0 = Debug|Any CPU
		{C4FDF1D0-153F-4699-8F6B-2A251B04EE8E}.Release|Any CPU.ActiveCfg = Release|Any CPU
		{C4FDF1D0-153F-4699-8F6B-2A251B04EE8E}.Release|Any CPU.Build.0 = Release|Any CPU
		{1D4B68AF-B355-48D4-BC0D-E7E88C03A255}.Debug|Any CPU.ActiveCfg = Debug|Any CPU
		{1D4B68AF-B355-48D4-BC0D-E7E88C03A255}.Debug|Any CPU.Build.0 = Debug|Any CPU
		{1D4B68AF-B355-48D4-BC0D-E7E88C03A255}.Release|Any CPU.ActiveCfg = Release|Any CPU
		{1D4B68AF-B355-48D4-BC0D-E7E88C03A255}.Release|Any CPU.Build.0 = Release|Any CPU
	EndGlobalSection
	GlobalSection(SolutionProperties) = preSolution
		HideSolutionNode = FALSE
	EndGlobalSection
	GlobalSection(ExtensibilityGlobals) = postSolution
		SolutionGuid = {29F92277-46E3-4CD3-A8D1-5459A6D83ED1}
	EndGlobalSection
EndGlobal
