
Microsoft Visual Studio Solution File, Format Version 12.00
# Visual Studio Version 17
VisualStudioVersion = 17.8.34525.116
MinimumVisualStudioVersion = 10.0.40219.1
Project("{FAE04EC0-301F-11D3-BF4B-00C04F79EFBC}") = "P0006.Server", "P0006\P0006.Server\P0006.Server.csproj", "{D2A42E6C-0A67-4F5F-B35C-68EABC621C17}"
EndProject
Project("{FAE04EC0-301F-11D3-BF4B-00C04F79EFBC}") = "P0006.Client", "P0006\P0006.Client\P0006.Client.csproj", "{291E9369-D121-497E-B078-249B4A592122}"
EndProject
Global
	GlobalSection(SolutionConfigurationPlatforms) = preSolution
		Debug|Any CPU = Debug|Any CPU
		Release|Any CPU = Release|Any CPU
	EndGlobalSection
	GlobalSection(ProjectConfigurationPlatforms) = postSolution
		{D2A42E6C-0A67-4F5F-B35C-68EABC621C17}.Debug|Any CPU.ActiveCfg = Debug|Any CPU
		{D2A42E6C-0A67-4F5F-B35C-68EABC621C17}.Debug|Any CPU.Build.0 = Debug|Any CPU
		{D2A42E6C-0A67-4F5F-B35C-68EABC621C17}.Release|Any CPU.ActiveCfg = Release|Any CPU
		{D2A42E6C-0A67-4F5F-B35C-68EABC621C17}.Release|Any CPU.Build.0 = Release|Any CPU
		{291E9369-D121-497E-B078-249B4A592122}.Debug|Any CPU.ActiveCfg = Debug|Any CPU
		{291E9369-D121-497E-B078-249B4A592122}.Debug|Any CPU.Build.0 = Debug|Any CPU
		{291E9369-D121-497E-B078-249B4A592122}.Release|Any CPU.ActiveCfg = Release|Any CPU
		{291E9369-D121-497E-B078-249B4A592122}.Release|Any CPU.Build.0 = Release|Any CPU
	EndGlobalSection
	GlobalSection(SolutionProperties) = preSolution
		HideSolutionNode = FALSE
	EndGlobalSection
	GlobalSection(ExtensibilityGlobals) = postSolution
		SolutionGuid = {84E3B554-6C2C-4216-B072-2FDD02EBA036}
	EndGlobalSection
EndGlobal
